{
  "name": "codex-acp",
  "version": "1.13.0",
  "lockfileVersion": 3,
  "requires": true,
  "packages": {
    "": {
      "name": "codex-acp",
      "version": "1.13.0",
      "dependencies": {
        "@agentclientprotocol/codex-acp": "1.13.0"
      }
    },
    "node_modules/@agentclientprotocol/codex-acp": {
      "version": "1.13.0",
      "resolved": "https://registry.npmjs.org/@agentclientprotocol/codex-acp/-/codex-acp-1.13.0.tgz",
      "integrity": "sha512-ORXljVEXWvs9zOiTpoRsiW1mZtHMKOKmrnsSdZn/ebNbCkhUtTh+lqsJcNkubeg3IP8DxT26hjjqldolEt8ggw==",
      "license": "Apache-2.0",
      "dependencies": {
        "@agentclientprotocol/sdk": "^1.5.0",
        "@openai/codex": "^0.155.1",
        "diff": "^9.0.0",
        "open": "^11.0.1",
        "vscode-jsonrpc": "^9.0.1",
        "zod": "^4.0.0"
      },
      "bin": {
        "codex-acp": "dist/index.js"
      }
    },
    "node_modules/@agentclientprotocol/sdk": {
      "version": "1.5.0",
      "resolved": "https://registry.npmjs.org/@agentclientprotocol/sdk/-/sdk-1.5.0.tgz",
      "integrity": "sha512-524jwbB2iYWA+kWWyv9fhKbhU89dH/lu9u5EXwVNmfYzopV8BujCDxByBDZhxRUkB7RWIJzISCnwivdDk+bdVg==",
      "license": "Apache-2.0",
      "peerDependencies": {
        "zod": "^3.25.0 || ^4.0.0"
      }
    },
    "node_modules/@openai/codex": {
      "version": "0.155.1",
      "resolved": "https://registry.npmjs.org/@openai/codex/-/codex-0.155.1.tgz",
      "integrity": "sha512-02fAAGyBtlA1zPjEo3kTj/bOSYbPz5DvjLwRZJdV7weFFEDzNFOMjQGmZ/+5CuirYV0hE+AZTrnjzwXYU4AdAQ==",
      "license": "Apache-2.0",
      "bin": {
        "codex": "bin/codex.js"
      },
      "engines": {
        "node": ">=16"
      },
      "optionalDependencies": {
        "@openai/codex-darwin-arm64": "npm:@openai/codex@0.155.1-darwin-arm64",
        "@openai/codex-darwin-x64": "npm:@openai/codex@0.155.1-darwin-x64",
        "@openai/codex-linux-arm64": "npm:@openai/codex@0.155.1-linux-arm64",
        "@openai/codex-linux-x64": "npm:@openai/codex@0.155.1-linux-x64",
        "@openai/codex-win32-arm64": "npm:@openai/codex@0.155.1-win32-arm64",
        "@openai/codex-win32-x64": "npm:@openai/codex@0.155.1-win32-x64"
      }
    },
    "node_modules/@openai/codex-darwin-arm64": {
      "name": "@openai/codex",
      "version": "0.155.1-darwin-arm64",
      "resolved": "https://registry.npmjs.org/@openai/codex/-/codex-0.155.1-darwin-arm64.tgz",
      "integrity": "sha512-cYxzGcRRoBrncyHlR8ed4yXwcoVJZC1pipGULSyJkGFKXJw/Uu57BklvzayuAptjJIipamnOk32CfUkk1F0bLw==",
      "cpu": [
        "arm64"
      ],
      "license": "Apache-2.0",
      "optional": true,
      "os": [
        "darwin"
      ],
      "engines": {
        "node": ">=16"
      }
    },
    "node_modules/@openai/codex-darwin-x64": {
      "name": "@openai/codex",
      "version": "0.155.1-darwin-x64",
      "resolved": "https://registry.npmjs.org/@openai/codex/-/codex-0.155.1-darwin-x64.tgz",
      "integrity": "sha512-FDpc+PdELYlyDnhd76Ckm6jNLF+1n3x34Ygd4QLQger810Vkxx/InQ5LY5jwkecJYKcbvyhMmuxTspaj1dLZrA==",
      "cpu": [
        "x64"
      ],
      "license": "Apache-2.0",
      "optional": true,
      "os": [
        "darwin"
      ],
      "engines": {
        "node": ">=16"
      }
    },
    "node_modules/@openai/codex-linux-arm64": {
      "name": "@openai/codex",
      "version": "0.155.1-linux-arm64",
      "resolved": "https://registry.npmjs.org/@openai/codex/-/codex-0.155.1-linux-arm64.tgz",
      "integrity": "sha512-X3fRXm2orhJ3KeB8LgKym4XDUiQaqaOGuaa181bcHTsQI7C8m6tcQQbQsKDzT/2IibikzgYL82jvsgMbq43jww==",
      "cpu": [
        "arm64"
      ],
      "license": "Apache-2.0",
      "optional": true,
      "os": [
        "linux"
      ],
      "engines": {
        "node": ">=16"
      }
    },
    "node_modules/@openai/codex-linux-x64": {
      "name": "@openai/codex",
      "version": "0.155.1-linux-x64",
      "resolved": "https://registry.npmjs.org/@openai/codex/-/codex-0.155.1-linux-x64.tgz",
      "integrity": "sha512-atv3HF0mubqB0J/XkQ2JopqKzXJ+/7aQtTB2MkJ9MrraujMIz8zbCCLylLkN3PzpVGTJzzQFN/wD1oq8oJPJKg==",
      "cpu": [
        "x64"
      ],
      "license": "Apache-2.0",
      "optional": true,
      "os": [
        "linux"
      ],
      "engines": {
        "node": ">=16"
      }
    },
    "node_modules/@openai/codex-win32-arm64": {
      "name": "@openai/codex",
      "version": "0.155.1-win32-arm64",
      "resolved": "https://registry.npmjs.org/@openai/codex/-/codex-0.155.1-win32-arm64.tgz",
      "integrity": "sha512-k5x8VO1aF8Xx/nuh1P31TeBgs11WA6i2GJiHqx5YCndFbWzOzUz6aeBaq9+PO6Qfe/Ivennh3I1FKJBU6Q8mpg==",
      "cpu": [
        "arm64"
      ],
      "license": "Apache-2.0",
      "optional": true,
      "os": [
        "win32"
      ],
      "engines": {
        "node": ">=16"
      }
    },
    "node_modules/@openai/codex-win32-x64": {
      "name": "@openai/codex",
      "version": "0.155.1-win32-x64",
      "resolved": "https://registry.npmjs.org/@openai/codex/-/codex-0.155.1-win32-x64.tgz",
      "integrity": "sha512-MO+cCZrgU0Ec7lJP/5NsTe5obJ9/qtRMkQUK0jYWTY1omxLA3lp5IOD2IAmsejlEJB931XRo51LZ7hl178CDjA==",
      "cpu": [
        "x64"
      ],
      "license": "Apache-2.0",
      "optional": true,
      "os": [
        "win32"
      ],
      "engines": {
        "node": ">=16"
      }
    },
    "node_modules/bundle-name": {
      "version": "4.1.0",
      "resolved": "https://registry.npmjs.org/bundle-name/-/bundle-name-4.1.0.tgz",
      "integrity": "sha512-tjwM5exMg6BGRI+kNmTntNsvdZS1X8BFYS6tnJ2hdH0kVxM6/eVZ2xy+FqStSWvYmtfFMDLIxurorHwDKfDz5Q==",
      "license": "MIT",
      "dependencies": {
        "run-applescript": "^7.0.0"
      },
      "engines": {
        "node": ">=18"
      },
      "funding": {
        "url": "https://github.com/sponsors/sindresorhus"
      }
    },
    "node_modules/default-browser": {
      "version": "5.5.1",
      "resolved": "https://registry.npmjs.org/default-browser/-/default-browser-5.5.1.tgz",
      "integrity": "sha512-m1pAzaJgZ/gssEqlOhJkPJp8Xly7QyW6xcrkUa2KKcDeDSEMP7X8xipU3snUcfisTQx0w1AGae+9UtJSfVnXGw==",
      "license": "MIT",
      "dependencies": {
        "bundle-name": "^4.1.0",
        "default-browser-id": "^5.0.0"
      },
      "engines": {
        "node": ">=18"
      },
      "funding": {
        "url": "https://github.com/sponsors/sindresorhus"
      }
    },
    "node_modules/default-browser-id": {
      "version": "5.0.1",
      "resolved": "https://registry.npmjs.org/default-browser-id/-/default-browser-id-5.0.1.tgz",
      "integrity": "sha512-x1VCxdX4t+8wVfd1so/9w+vQ4vx7lKd2Qp5tDRutErwmR85OgmfX7RlLRMWafRMY7hbEiXIbudNrjOAPa/hL8Q==",
      "license": "MIT",
      "engines": {
        "node": ">=18"
      },
      "funding": {
        "url": "https://github.com/sponsors/sindresorhus"
      }
    },
    "node_modules/define-lazy-prop": {
      "version": "3.0.0",
      "resolved": "https://registry.npmjs.org/define-lazy-prop/-/define-lazy-prop-3.0.0.tgz",
      "integrity": "sha512-N+MeXYoqr3pOgn8xfyRPREN7gHakLYjhsHhWGT3fWAiL4IkAt0iDw14QiiEm2bE30c5XX5q0FtAA3CK5f9/BUg==",
      "license": "MIT",
      "engines": {
        "node": ">=12"
      },
      "funding": {
        "url": "https://github.com/sponsors/sindresorhus"
      }
    },
    "node_modules/diff": {
      "version": "9.0.0",
      "resolved": "https://registry.npmjs.org/diff/-/diff-9.0.0.tgz",
      "integrity": "sha512-svtcdpS8CgJyqAjEQIXdb3OjhFVVYjzGAPO8WGCmRbrml64SPw/jJD4GoE98aR7r25A0XcgrK3F02yw9R/vhQw==",
      "license": "BSD-3-Clause",
      "engines": {
        "node": ">=0.3.1"
      }
    },
    "node_modules/is-docker": {
      "version": "3.0.0",
      "resolved": "https://registry.npmjs.org/is-docker/-/is-docker-3.0.0.tgz",
      "integrity": "sha512-eljcgEDlEns/7AXFosB5K/2nCM4P7FQPkGc/DWLy5rmFEWvZayGrik1d9/QIY5nJ4f9YsVvBkA6kJpHn9rISdQ==",
      "license": "MIT",
      "bin": {
        "is-docker": "cli.js"
      },
      "engines": {
        "node": "^12.20.0 || ^14.13.1 || >=16.0.0"
      },
      "funding": {
        "url": "https://github.com/sponsors/sindresorhus"
      }
    },
    "node_modules/is-in-ssh": {
      "version": "1.0.0",
      "resolved": "https://registry.npmjs.org/is-in-ssh/-/is-in-ssh-1.0.0.tgz",
      "integrity": "sha512-jYa6Q9rH90kR1vKB6NM7qqd1mge3Fx4Dhw5TVlK1MUBqhEOuCagrEHMevNuCcbECmXZ0ThXkRm+Ymr51HwEPAw==",
      "license": "MIT",
      "engines": {
        "node": ">=20"
      },
      "funding": {
        "url": "https://github.com/sponsors/sindresorhus"
      }
    },
    "node_modules/is-inside-container": {
      "version": "1.0.0",
      "resolved": "https://registry.npmjs.org/is-inside-container/-/is-inside-container-1.0.0.tgz",
      "integrity": "sha512-KIYLCCJghfHZxqjYBE7rEy0OBuTd5xCHS7tHVgvCLkx7StIoaxwNW3hCALgEUjFfeRk+MG/Qxmp/vtETEF3tRA==",
      "license": "MIT",
      "dependencies": {
        "is-docker": "^3.0.0"
      },
      "bin": {
        "is-inside-container": "cli.js"
      },
      "engines": {
        "node": ">=14.16"
      },
      "funding": {
        "url": "https://github.com/sponsors/sindresorhus"
      }
    },
    "node_modules/is-wsl": {
      "version": "3.1.1",
      "resolved": "https://registry.npmjs.org/is-wsl/-/is-wsl-3.1.1.tgz",
      "integrity": "sha512-e6rvdUCiQCAuumZslxRJWR/Doq4VpPR82kqclvcS0efgt430SlGIk05vdCN58+VrzgtIcfNODjozVielycD4Sw==",
      "license": "MIT",
      "dependencies": {
        "is-inside-container": "^1.0.0"
      },
      "engines": {
        "node": ">=16"
      },
      "funding": {
        "url": "https://github.com/sponsors/sindresorhus"
      }
    },
    "node_modules/open": {
      "version": "11.0.4",
      "resolved": "https://registry.npmjs.org/open/-/open-11.0.4.tgz",
      "integrity": "sha512-++Zlftm0kVLPmzC06t6epuWmcRMDbI4z5P3NNX979WA/k23+NtSOynEGzsVfZwguKw2mi5umVgnBlJQMwRz4Pg==",
      "license": "MIT",
      "dependencies": {
        "default-browser": "^5.5.1",
        "define-lazy-prop": "^3.0.0",
        "is-in-ssh": "^1.0.0",
        "is-inside-container": "^1.0.0",
        "powershell-utils": "^0.2.1",
        "wsl-utils": "^1.0.0"
      },
      "engines": {
        "node": ">=20"
      },
      "funding": {
        "url": "https://github.com/sponsors/sindresorhus"
      }
    },
    "node_modules/powershell-utils": {
      "version": "0.2.1",
      "resolved": "https://registry.npmjs.org/powershell-utils/-/powershell-utils-0.2.1.tgz",
      "integrity": "sha512-C+y9x90UElAddDZmV4qOx9W53B61PO7cIqWz2dQsWlwswuq4mr8NEwytdGKboYbQlGZ3awrkTeNvcZiZNHnQ8A==",
      "license": "MIT",
      "engines": {
        "node": ">=20"
      },
      "funding": {
        "url": "https://github.com/sponsors/sindresorhus"
      }
    },
    "node_modules/run-applescript": {
      "version": "7.1.0",
      "resolved": "https://registry.npmjs.org/run-applescript/-/run-applescript-7.1.0.tgz",
      "integrity": "sha512-DPe5pVFaAsinSaV6QjQ6gdiedWDcRCbUuiQfQa2wmWV7+xC9bGulGI8+TdRmoFkAPaBXk8CrAbnlY2ISniJ47Q==",
      "license": "MIT",
      "engines": {
        "node": ">=18"
      },
      "funding": {
        "url": "https://github.com/sponsors/sindresorhus"
      }
    },
    "node_modules/vscode-jsonrpc": {
      "version": "9.0.1",
      "resolved": "https://registry.npmjs.org/vscode-jsonrpc/-/vscode-jsonrpc-9.0.1.tgz",
      "integrity": "sha512-rfuA6T75H6m5EkbhtEPzre9pT0HPcDI2MMy4+nPFIBks5J8JBAUHD4tRYSgaBOijIEC7SRkC1kKyXTLqbmh9jw==",
      "license": "MIT",
      "engines": {
        "node": ">=14.0.0"
      }
    },
    "node_modules/wsl-utils": {
      "version": "1.0.0",
      "resolved": "https://registry.npmjs.org/wsl-utils/-/wsl-utils-1.0.0.tgz",
      "integrity": "sha512-Hl0ZOAs672vg+06kfujwRhoS6/jehvULrlFkuF2dRu6pHgA8U06h3xqNIqNNU1LTXPcedxByAR4GS6pwQK0mgA==",
      "license": "MIT",
      "dependencies": {
        "is-wsl": "^3.1.0",
        "powershell-utils": "^0.1.0"
      },
      "engines": {
        "node": ">=20"
      },
      "funding": {
        "url": "https://github.com/sponsors/sindresorhus"
      }
    },
    "node_modules/wsl-utils/node_modules/powershell-utils": {
      "version": "0.1.0",
      "resolved": "https://registry.npmjs.org/powershell-utils/-/powershell-utils-0.1.0.tgz",
      "integrity": "sha512-dM0jVuXJPsDN6DvRpea484tCUaMiXWjuCn++HGTqUWzGDjv5tZkEZldAJ/UMlqRYGFrD/etByo4/xOuC/snX2A==",
      "license": "MIT",
      "engines": {
        "node": ">=20"
      },
      "funding": {
        "url": "https://github.com/sponsors/sindresorhus"
      }
    },
    "node_modules/zod": {
      "version": "4.6.5",
      "resolved": "https://registry.npmjs.org/zod/-/zod-4.6.5.tgz",
      "integrity": "sha512-v5l/aFXZQeai4awLbOpSoHecE9UiMrnfx75tEXLjNonXVARxQ5mOeipTjROUchszUNCqnE+hqAMujRsRHsut2Q==",
      "license": "MIT",
      "funding": {
        "url": "https://github.com/sponsors/colinhacks"
      }
    }
  }
}
